// !$*UTF8*$!
{
	archiveVersion = 1;
	classes = {
	};
	objectVersion = 46;
	objects = {

/* Begin PBXBuildFile section */
		7521094C1E9E6AD100BE98F1 /* AppDelegate.swift in Sources */ = {isa = PBXBuildFile; fileRef = 7521094B1E9E6AD100BE98F1 /* AppDelegate.swift */; };
		7521094E1E9E6AD100BE98F1 /* ViewController.swift in Sources */ = {isa = PBXBuildFile; fileRef = 7521094D1E9E6AD100BE98F1 /* ViewController.swift */; };
		752109501E9E6AD100BE98F1 /* Assets.xcassets in Resources */ = {isa = PBXBuildFile; fileRef = 7521094F1E9E6AD100BE98F1 /* Assets.xcassets */; };
		752109531E9E6AD100BE98F1 /* Main.storyboard in Resources */ = {isa = PBXBuildFile; fileRef = 752109511E9E6AD100BE98F1 /* Main.storyboard */; };
		757131761EA261F40063228D /* OGCircularBarView.swift in Sources */ = {isa = PBXBuildFile; fileRef = 757131751EA261F40063228D /* OGCircularBarView.swift */; };
		757131781EA264410063228D /* NSBezierPath+CGPath.swift in Sources */ = {isa = PBXBuildFile; fileRef = 757131771EA264410063228D /* NSBezierPath+CGPath.swift */; };
/* End PBXBuildFile section */

/* Begin PBXFileReference section */
		752109481E9E6AD100BE98F1 /* OGCircularBar.app */ = {isa = PBXFileReference; explicitFileType = wrapper.application; includeInIndex = 0; path = OGCircularBar.app; sourceTree = BUILT_PRODUCTS_DIR; };
		7521094B1E9E6AD100BE98F1 /* AppDelegate.swift */ = {isa = PBXFileReference; lastKnownFileType = sourcecode.swift; path = AppDelegate.swift; sourceTree = "<group>"; };
		7521094D1E9E6AD100BE98F1 /* ViewController.swift */ = {isa = PBXFileReference; lastKnownFileType = sourcecode.swift; path = ViewController.swift; sourceTree = "<group>"; };
		7521094F1E9E6AD100BE98F1 /* Assets.xcassets */ = {isa = PBXFileReference; lastKnownFileType = folder.assetcatalog; path = Assets.xcassets; sourceTree = "<group>"; };
		752109521E9E6AD100BE98F1 /* Base */ = {isa = PBXFileReference; lastKnownFileType = file.storyboard; name = Base; path = Base.lproj/Main.storyboard; sourceTree = "<group>"; };
		752109541E9E6AD100BE98F1 /* Info.plist */ = {isa = PBXFileReference; lastKnownFileType = text.plist.xml; path = Info.plist; sourceTree = "<group>"; };
		757131751EA261F40063228D /* OGCircularBarView.swift */ = {isa = PBXFileReference; fileEncoding = 4; lastKnownFileType = sourcecode.swift; path = OGCircularBarView.swift; sourceTree = "<group>"; };
		757131771EA264410063228D /* NSBezierPath+CGPath.swift */ = {isa = PBXFileReference; fileEncoding = 4; lastKnownFileType = sourcecode.swift; name = "NSBezierPath+CGPath.swift"; path = "../NSBezierPath+CGPath.swift"; sourceTree = "<group>"; };
/* End PBXFileReference section */

/* Begin PBXFrameworksBuildPhase section */
		752109451E9E6AD100BE98F1 /* Frameworks */ = {
			isa = PBXFrameworksBuildPhase;
			buildActionMask = 2147483647;
			files = (
			);
			runOnlyForDeploymentPostprocessing = 0;
		};
/* End PBXFrameworksBuildPhase section */

/* Begin PBXGroup section */
		7521093F1E9E6AD000BE98F1 = {
			isa = PBXGroup;
			children = (
				7521094A1E9E6AD100BE98F1 /* OGCircularBar */,
				752109491E9E6AD100BE98F1 /* Products */,
			);
			sourceTree = "<group>";
		};
		752109491E9E6AD100BE98F1 /* Products */ = {
			isa = PBXGroup;
			children = (
				752109481E9E6AD100BE98F1 /* OGCircularBar.app */,
			);
			name = Products;
			sourceTree = "<group>";
		};
		7521094A1E9E6AD100BE98F1 /* OGCircularBar */ = {
			isa = PBXGroup;
			children = (
				757131771EA264410063228D /* NSBezierPath+CGPath.swift */,
				757131751EA261F40063228D /* OGCircularBarView.swift */,
				7521094B1E9E6AD100BE98F1 /* AppDelegate.swift */,
				7521094D1E9E6AD100BE98F1 /* ViewController.swift */,
				7521094F1E9E6AD100BE98F1 /* Assets.xcassets */,
				752109511E9E6AD100BE98F1 /* Main.storyboard */,
				752109541E9E6AD100BE98F1 /* Info.plist */,
			);
			path = OGCircularBar;
			sourceTree = "<group>";
		};
/* End PBXGroup section */

/* Begin PBXNativeTarget section */
		752109471E9E6AD100BE98F1 /* OGCircularBar */ = {
			isa = PBXNativeTarget;
			buildConfigurationList = 752109571E9E6AD100BE98F1 /* Build configuration list for PBXNativeTarget "OGCircularBar" */;
			buildPhases = (
				752109441E9E6AD100BE98F1 /* Sources */,
				752109451E9E6AD100BE98F1 /* Frameworks */,
				752109461E9E6AD100BE98F1 /* Resources */,
			);
			buildRules = (
			);
			dependencies = (
			);
			name = OGCircularBar;
			productName = OGCircularBar;
			productReference = 752109481E9E6AD100BE98F1 /* OGCircularBar.app */;
			productType = "com.apple.product-type.application";
		};
/* End PBXNativeTarget section */

/* Begin PBXProject section */
		752109401E9E6AD000BE98F1 /* Project object */ = {
			isa = PBXProject;
			attributes = {
				LastSwiftUpdateCheck = 0830;
				LastUpgradeCheck = 0830;
				ORGANIZATIONNAME = "Oskar Groth";
				TargetAttributes = {
					752109471E9E6AD100BE98F1 = {
						CreatedOnToolsVersion = 8.3;
						DevelopmentTeam = ZQK6SX26CE;
						ProvisioningStyle = Automatic;
					};
				};
			};
			buildConfigurationList = 752109431E9E6AD000BE98F1 /* Build configuration list for PBXProject "OGCircularBar" */;
			compatibilityVersion = "Xcode 3.2";
			developmentRegion = English;
			hasScannedForEncodings = 0;
			knownRegions = (
				en,
				Base,
			);
			mainGroup = 7521093F1E9E6AD000BE98F1;
			productRefGroup = 752109491E9E6AD100BE98F1 /* Products */;
			projectDirPath = "";
			projectRoot = "";
			targets = (
				752109471E9E6AD100BE98F1 /* OGCircularBar */,
			);
		};
/* End PBXProject section */

/* Begin PBXResourcesBuildPhase section */
		752109461E9E6AD100BE98F1 /* Resources */ = {
			isa = PBXResourcesBuildPhase;
			buildActionMask = 2147483647;
			files = (
				752109501E9E6AD100BE98F1 /* Assets.xcassets in Resources */,
				752109531E9E6AD100BE98F1 /* Main.storyboard in Resources */,
			);
			runOnlyForDeploymentPostprocessing = 0;
		};
/* End PBXResourcesBuildPhase section */

/* Begin PBXSourcesBuildPhase section */
		752109441E9E6AD100BE98F1 /* Sources */ = {
			isa = PBXSourcesBuildPhase;
			buildActionMask = 2147483647;
			files = (
				7521094E1E9E6AD100BE98F1 /* ViewController.swift in Sources */,
				757131781EA264410063228D /* NSBezierPath+CGPath.swift in Sources */,
				7521094C1E9E6AD100BE98F1 /* AppDelegate.swift in Sources */,
				757131761EA261F40063228D /* OGCircularBarView.swift in Sources */,
			);
			runOnlyForDeploymentPostprocessing = 0;
		};
/* End PBXSourcesBuildPhase section */

/* Begin PBXVariantGroup section */
		752109511E9E6AD100BE98F1 /* Main.storyboard */ = {
			isa = PBXVariantGroup;
			children = (
				752109521E9E6AD100BE98F1 /* Base */,
			);
			name = Main.storyboard;
			sourceTree = "<group>";
		};
/* End PBXVariantGroup section */

/* Begin XCBuildConfiguration section */
		752109551E9E6AD100BE98F1 /* Debug */ = {
			isa = XCBuildConfiguration;
			buildSettings = {
				ALWAYS_SEARCH_USER_PATHS = NO;
				CLANG_ANALYZER_NONNULL = YES;
				CLANG_ANALYZER_NUMBER_OBJECT_CONVERSION = YES_AGGRESSIVE;
				CLANG_CXX_LANGUAGE_STANDARD = "gnu++0x";
				CLANG_CXX_LIBRARY = "libc++";
				CLANG_ENABLE_MODULES = YES;
				CLANG_ENABLE_OBJC_ARC = YES;
				CLANG_WARN_BOOL_CONVERSION = YES;
				CLANG_WARN_CONSTANT_CONVERSION = YES;
				CLANG_WARN_DIRECT_OBJC_ISA_USAGE = YES_ERROR;
				CLANG_WARN_DOCUMENTATION_COMMENTS = YES;
				CLANG_WARN_EMPTY_BODY = YES;
				CLANG_WARN_ENUM_CONVERSION = YES;
				CLANG_WARN_INFINITE_RECURSION = YES;
				CLANG_WARN_INT_CONVERSION = YES;
				CLANG_WARN_OBJC_ROOT_CLASS = YES_ERROR;
				CLANG_WARN_SUSPICIOUS_MOVE = YES;
				CLANG_WARN_UNREACHABLE_CODE = YES;
				CLANG_WARN__DUPLICATE_METHOD_MATCH = YES;
				CODE_SIGN_IDENTITY = "-";
				COPY_PHASE_STRIP = NO;
				DEBUG_INFORMATION_FORMAT = dwarf;
				ENABLE_STRICT_OBJC_MSGSEND = YES;
				ENABLE_TESTABILITY = YES;
				GCC_C_LANGUAGE_STANDARD = gnu99;
				GCC_DYNAMIC_NO_PIC = NO;
				GCC_NO_COMMON_BLOCKS = YES;
				GCC_OPTIMIZATION_LEVEL = 0;
				GCC_PREPROCESSOR_DEFINITIONS = (
					"DEBUG=1",
					"$(inherited)",
				);
				GCC_WARN_64_TO_32_BIT_CONVERSION = YES;
				GCC_WARN_ABOUT_RETURN_TYPE = YES_ERROR;
				GCC_WARN_UNDECLARED_SELECTOR = YES;
				GCC_WARN_UNINITIALIZED_AUTOS = YES_AGGRESSIVE;
				GCC_WARN_UNUSED_FUNCTION = YES;
				GCC_WARN_UNUSED_VARIABLE = YES;
				MACOSX_DEPLOYMENT_TARGET = 10.12;
				MTL_ENABLE_DEBUG_INFO = YES;
				ONLY_ACTIVE_ARCH = YES;
				SDKROOT = macosx;
				SWIFT_ACTIVE_COMPILATION_CONDITIONS = DEBUG;
				SWIFT_OPTIMIZATION_LEVEL = "-Onone";
			};
			name = Debug;
		};
		752109561E9E6AD100BE98F1 /* Release */ = {
			isa = XCBuildConfiguration;
			buildSettings = {
				ALWAYS_SEARCH_USER_PATHS = NO;
				CLANG_ANALYZER_NONNULL = YES;
				CLANG_ANALYZER_NUMBER_OBJECT_CONVERSION = YES_AGGRESSIVE;
				CLANG_CXX_LANGUAGE_STANDARD = "gnu++0x";
				CLANG_CXX_LIBRARY = "libc++";
				CLANG_ENABLE_MODULES = YES;
				CLANG_ENABLE_OBJC_ARC = YES;
				CLANG_WARN_BOOL_CONVERSION = YES;
				CLANG_WARN_CONSTANT_CONVERSION = YES;
				CLANG_WARN_DIRECT_OBJC_ISA_USAGE = YES_ERROR;
				CLANG_WARN_DOCUMENTATION_COMMENTS = YES;
				CLANG_WARN_EMPTY_BODY = YES;
				CLANG_WARN_ENUM_CONVERSION = YES;
				CLANG_WARN_INFINITE_RECURSION = YES;
				CLANG_WARN_INT_CONVERSION = YES;
				CLANG_WARN_OBJC_ROOT_CLASS = YES_ERROR;
				CLANG_WARN_SUSPICIOUS_MOVE = YES;
				CLANG_WARN_UNREACHABLE_CODE = YES;
				CLANG_WARN__DUPLICATE_METHOD_MATCH = YES;
				CODE_SIGN_IDENTITY = "-";
				COPY_PHASE_STRIP = NO;
				DEBUG_INFORMATION_FORMAT = "dwarf-with-dsym";
				ENABLE_NS_ASSERTIONS = NO;
				ENABLE_STRICT_OBJC_MSGSEND = YES;
				GCC_C_LANGUAGE_STANDARD = gnu99;
				GCC_NO_COMMON_BLOCKS = YES;
				GCC_WARN_64_TO_32_BIT_CONVERSION = YES;
				GCC_WARN_ABOUT_RETURN_TYPE = YES_ERROR;
				GCC_WARN_UNDECLARED_SELECTOR = YES;
				GCC_WARN_UNINITIALIZED_AUTOS = YES_AGGRESSIVE;
				GCC_WARN_UNUSED_FUNCTION = YES;
				GCC_WARN_UNUSED_VARIABLE = YES;
				MACOSX_DEPLOYMENT_TARGET = 10.12;
				MTL_ENABLE_DEBUG_INFO = NO;
				SDKROOT = macosx;
				SWIFT_OPTIMIZATION_LEVEL = "-Owholemodule";
			};
			name = Release;
		};
		752109581E9E6AD100BE98F1 /* Debug */ = {
			isa = XCBuildConfiguration;
			buildSettings = {
				ASSETCATALOG_COMPILER_APPICON_NAME = AppIcon;
				COMBINE_HIDPI_IMAGES = YES;
				DEVELOPMENT_TEAM = ZQK6SX26CE;
				INFOPLIST_FILE = OGCircularBar/Info.plist;
				LD_RUNPATH_SEARCH_PATHS = "$(inherited) @executable_path/../Frameworks";
				PRODUCT_BUNDLE_IDENTIFIER = org.cindori.OGCircularBar;
				PRODUCT_NAME = "$(TARGET_NAME)";
				SWIFT_VERSION = 3.0;
			};
			name = Debug;
		};
		752109591E9E6AD100BE98F1 /* Release */ = {
			isa = XCBuildConfiguration;
			buildSettings = {
				ASSETCATALOG_COMPILER_APPICON_NAME = AppIcon;
				COMBINE_HIDPI_IMAGES = YES;
				DEVELOPMENT_TEAM = ZQK6SX26CE;
				INFOPLIST_FILE = OGCircularBar/Info.plist;
				LD_RUNPATH_SEARCH_PATHS = "$(inherited) @executable_path/../Frameworks";
				PRODUCT_BUNDLE_IDENTIFIER = org.cindori.OGCircularBar;
				PRODUCT_NAME = "$(TARGET_NAME)";
				SWIFT_VERSION = 3.0;
			};
			name = Release;
		};
/* End XCBuildConfiguration section */

/* Begin XCConfigurationList section */
		752109431E9E6AD000BE98F1 /* Build configuration list for PBXProject "OGCircularBar" */ = {
			isa = XCConfigurationList;
			buildConfigurations = (
				752109551E9E6AD100BE98F1 /* Debug */,
				752109561E9E6AD100BE98F1 /* Release */,
			);
			defaultConfigurationIsVisible = 0;
			defaultConfigurationName = Release;
		};
		752109571E9E6AD100BE98F1 /* Build configuration list for PBXNativeTarget "OGCircularBar" */ = {
			isa = XCConfigurationList;
			buildConfigurations = (
				752109581E9E6AD100BE98F1 /* Debug */,
				752109591E9E6AD100BE98F1 /* Release */,
			);
			defaultConfigurationIsVisible = 0;
			defaultConfigurationName = Release;
		};
/* End XCConfigurationList section */
	};
	rootObject = 752109401E9E6AD000BE98F1 /* Project object */;
}
